
Microsoft Visual Studio Solution File, Format Version 12.00
Project("{2150E333-8FDC-42A3-9474-1A3956D46DE8}") = "examples", "examples", "{4C397C37-DDE7-4F7B-B30E-D4819974CB68}"
EndProject
Project("{2150E333-8FDC-42A3-9474-1A3956D46DE8}") = "slides", "slides", "{7CEEB6DD-130D-47B5-A48A-C8E56FFE74E2}"
	ProjectSection(SolutionItems) = preProject
		slides\linq.md = slides\linq.md
		slides\delegates.md = slides\delegates.md
		slides\flaggedEnums.md = slides\flaggedEnums.md
		slides\async.md = slides\async.md
		slides\collections.md = slides\collections.md
		slides\disposable.md = slides\disposable.md
		slides\span.md = slides\span.md
	EndProjectSection
EndProject
Project("{FAE04EC0-301F-11D3-BF4B-00C04F79EFBC}") = "Linq", "examples\Linq\Linq.csproj", "{6760A095-97CD-450B-BF7E-0EAF66853FFE}"
EndProject
Project("{FAE04EC0-301F-11D3-BF4B-00C04F79EFBC}") = "Delegates", "examples\Delegates\Delegates.csproj", "{1025DFD5-A8AC-47E0-B853-49EEA070289D}"
EndProject
Project("{FAE04EC0-301F-11D3-BF4B-00C04F79EFBC}") = "AsyncProgramming", "examples\AsyncProgramming\AsyncProgramming.csproj", "{B4031504-C535-4D5C-9671-185D9065ABE7}"
EndProject
Project("{FAE04EC0-301F-11D3-BF4B-00C04F79EFBC}") = "WpfApp1", "examples\WpfApp1\WpfApp1.csproj", "{A6761A84-8E97-4A65-B659-3FAE206D2136}"
EndProject
Global
	GlobalSection(SolutionConfigurationPlatforms) = preSolution
		Debug|Any CPU = Debug|Any CPU
		Release|Any CPU = Release|Any CPU
	EndGlobalSection
	GlobalSection(NestedProjects) = preSolution
		{6760A095-97CD-450B-BF7E-0EAF66853FFE} = {4C397C37-DDE7-4F7B-B30E-D4819974CB68}
		{1025DFD5-A8AC-47E0-B853-49EEA070289D} = {4C397C37-DDE7-4F7B-B30E-D4819974CB68}
		{B4031504-C535-4D5C-9671-185D9065ABE7} = {4C397C37-DDE7-4F7B-B30E-D4819974CB68}
		{A6761A84-8E97-4A65-B659-3FAE206D2136} = {4C397C37-DDE7-4F7B-B30E-D4819974CB68}
	EndGlobalSection
	GlobalSection(ProjectConfigurationPlatforms) = postSolution
		{6760A095-97CD-450B-BF7E-0EAF66853FFE}.Debug|Any CPU.ActiveCfg = Debug|Any CPU
		{6760A095-97CD-450B-BF7E-0EAF66853FFE}.Debug|Any CPU.Build.0 = Debug|Any CPU
		{6760A095-97CD-450B-BF7E-0EAF66853FFE}.Release|Any CPU.ActiveCfg = Release|Any CPU
		{6760A095-97CD-450B-BF7E-0EAF66853FFE}.Release|Any CPU.Build.0 = Release|Any CPU
		{1025DFD5-A8AC-47E0-B853-49EEA070289D}.Debug|Any CPU.ActiveCfg = Debug|Any CPU
		{1025DFD5-A8AC-47E0-B853-49EEA070289D}.Debug|Any CPU.Build.0 = Debug|Any CPU
		{1025DFD5-A8AC-47E0-B853-49EEA070289D}.Release|Any CPU.ActiveCfg = Release|Any CPU
		{1025DFD5-A8AC-47E0-B853-49EEA070289D}.Release|Any CPU.Build.0 = Release|Any CPU
		{B4031504-C535-4D5C-9671-185D9065ABE7}.Debug|Any CPU.ActiveCfg = Debug|Any CPU
		{B4031504-C535-4D5C-9671-185D9065ABE7}.Debug|Any CPU.Build.0 = Debug|Any CPU
		{B4031504-C535-4D5C-9671-185D9065ABE7}.Release|Any CPU.ActiveCfg = Release|Any CPU
		{B4031504-C535-4D5C-9671-185D9065ABE7}.Release|Any CPU.Build.0 = Release|Any CPU
		{A6761A84-8E97-4A65-B659-3FAE206D2136}.Debug|Any CPU.ActiveCfg = Debug|Any CPU
		{A6761A84-8E97-4A65-B659-3FAE206D2136}.Debug|Any CPU.Build.0 = Debug|Any CPU
		{A6761A84-8E97-4A65-B659-3FAE206D2136}.Release|Any CPU.ActiveCfg = Release|Any CPU
		{A6761A84-8E97-4A65-B659-3FAE206D2136}.Release|Any CPU.Build.0 = Release|Any CPU
	EndGlobalSection
EndGlobal
