
Microsoft Visual Studio Solution File, Format Version 12.00
Project("{2150E333-8FDC-42A3-9474-1A3956D46DE8}") = "examples", "examples", "{4C397C37-DDE7-4F7B-B30E-D4819974CB68}"
EndProject
Project("{2150E333-8FDC-42A3-9474-1A3956D46DE8}") = "content", "content", "{7CEEB6DD-130D-47B5-A48A-C8E56FFE74E2}"
	ProjectSection(SolutionItems) = preProject
		content\linq.md = content\linq.md
		content\delegates.md = content\delegates.md
		content\flaggedEnums.md = content\flaggedEnums.md
		content\async.md = content\async.md
		content\collections.md = content\collections.md
		content\disposable.md = content\disposable.md
		content\span.md = content\span.md
	EndProjectSection
EndProject
Project("{FAE04EC0-301F-11D3-BF4B-00C04F79EFBC}") = "Linq", "examples\Linq\Linq.csproj", "{6760A095-97CD-450B-BF7E-0EAF66853FFE}"
EndProject
Project("{FAE04EC0-301F-11D3-BF4B-00C04F79EFBC}") = "Delegates", "examples\Delegates\Delegates.csproj", "{1025DFD5-A8AC-47E0-B853-49EEA070289D}"
EndProject
Project("{FAE04EC0-301F-11D3-BF4B-00C04F79EFBC}") = "AsyncProgramming", "examples\AsyncProgramming\AsyncProgramming.csproj", "{A6761A84-8E97-4A65-B659-3FAE206D2136}"
EndProject
Project("{FAE04EC0-301F-11D3-BF4B-00C04F79EFBC}") = "Collections", "examples\Collections\Collections.csproj", "{0F9EDDDF-7CB5-4E17-8A07-EF695AAA6FB0}"
EndProject
Project("{FAE04EC0-301F-11D3-BF4B-00C04F79EFBC}") = "Disposable", "examples\Disposable\Disposable.csproj", "{C1062A74-1D05-47FE-9666-D1BB3888BBA8}"
EndProject
Project("{FAE04EC0-301F-11D3-BF4B-00C04F79EFBC}") = "ConfigureAwaitDeadlock", "examples\ConfigureAwaitDeadlock\ConfigureAwaitDeadlock.csproj", "{C3DEC463-E691-49B1-90F6-C7AD16C7A745}"
EndProject
Project("{FAE04EC0-301F-11D3-BF4B-00C04F79EFBC}") = "SpanMemory", "examples\SpanMemory\SpanMemory.csproj", "{3FA4463A-42C0-4503-BA59-418A139820B1}"
EndProject
Project("{FAE04EC0-301F-11D3-BF4B-00C04F79EFBC}") = "FlaggedEnum", "examples\FlaggedEnum\FlaggedEnum.csproj", "{458C096E-8118-4640-84DA-D89135A45E20}"
EndProject
Global
	GlobalSection(SolutionConfigurationPlatforms) = preSolution
		Debug|Any CPU = Debug|Any CPU
		Release|Any CPU = Release|Any CPU
	EndGlobalSection
	GlobalSection(NestedProjects) = preSolution
		{6760A095-97CD-450B-BF7E-0EAF66853FFE} = {4C397C37-DDE7-4F7B-B30E-D4819974CB68}
		{1025DFD5-A8AC-47E0-B853-49EEA070289D} = {4C397C37-DDE7-4F7B-B30E-D4819974CB68}
		{A6761A84-8E97-4A65-B659-3FAE206D2136} = {4C397C37-DDE7-4F7B-B30E-D4819974CB68}
		{0F9EDDDF-7CB5-4E17-8A07-EF695AAA6FB0} = {4C397C37-DDE7-4F7B-B30E-D4819974CB68}
		{C1062A74-1D05-47FE-9666-D1BB3888BBA8} = {4C397C37-DDE7-4F7B-B30E-D4819974CB68}
		{C3DEC463-E691-49B1-90F6-C7AD16C7A745} = {4C397C37-DDE7-4F7B-B30E-D4819974CB68}
		{3FA4463A-42C0-4503-BA59-418A139820B1} = {4C397C37-DDE7-4F7B-B30E-D4819974CB68}
		{458C096E-8118-4640-84DA-D89135A45E20} = {4C397C37-DDE7-4F7B-B30E-D4819974CB68}
	EndGlobalSection
	GlobalSection(ProjectConfigurationPlatforms) = postSolution
		{6760A095-97CD-450B-BF7E-0EAF66853FFE}.Debug|Any CPU.ActiveCfg = Debug|Any CPU
		{6760A095-97CD-450B-BF7E-0EAF66853FFE}.Debug|Any CPU.Build.0 = Debug|Any CPU
		{6760A095-97CD-450B-BF7E-0EAF66853FFE}.Release|Any CPU.ActiveCfg = Release|Any CPU
		{6760A095-97CD-450B-BF7E-0EAF66853FFE}.Release|Any CPU.Build.0 = Release|Any CPU
		{1025DFD5-A8AC-47E0-B853-49EEA070289D}.Debug|Any CPU.ActiveCfg = Debug|Any CPU
		{1025DFD5-A8AC-47E0-B853-49EEA070289D}.Debug|Any CPU.Build.0 = Debug|Any CPU
		{1025DFD5-A8AC-47E0-B853-49EEA070289D}.Release|Any CPU.ActiveCfg = Release|Any CPU
		{1025DFD5-A8AC-47E0-B853-49EEA070289D}.Release|Any CPU.Build.0 = Release|Any CPU
		{A6761A84-8E97-4A65-B659-3FAE206D2136}.Debug|Any CPU.ActiveCfg = Debug|Any CPU
		{A6761A84-8E97-4A65-B659-3FAE206D2136}.Debug|Any CPU.Build.0 = Debug|Any CPU
		{A6761A84-8E97-4A65-B659-3FAE206D2136}.Release|Any CPU.ActiveCfg = Release|Any CPU
		{A6761A84-8E97-4A65-B659-3FAE206D2136}.Release|Any CPU.Build.0 = Release|Any CPU
		{0F9EDDDF-7CB5-4E17-8A07-EF695AAA6FB0}.Debug|Any CPU.ActiveCfg = Debug|Any CPU
		{0F9EDDDF-7CB5-4E17-8A07-EF695AAA6FB0}.Debug|Any CPU.Build.0 = Debug|Any CPU
		{0F9EDDDF-7CB5-4E17-8A07-EF695AAA6FB0}.Release|Any CPU.ActiveCfg = Release|Any CPU
		{0F9EDDDF-7CB5-4E17-8A07-EF695AAA6FB0}.Release|Any CPU.Build.0 = Release|Any CPU
		{C1062A74-1D05-47FE-9666-D1BB3888BBA8}.Debug|Any CPU.ActiveCfg = Debug|Any CPU
		{C1062A74-1D05-47FE-9666-D1BB3888BBA8}.Debug|Any CPU.Build.0 = Debug|Any CPU
		{C1062A74-1D05-47FE-9666-D1BB3888BBA8}.Release|Any CPU.ActiveCfg = Release|Any CPU
		{C1062A74-1D05-47FE-9666-D1BB3888BBA8}.Release|Any CPU.Build.0 = Release|Any CPU
		{C3DEC463-E691-49B1-90F6-C7AD16C7A745}.Debug|Any CPU.ActiveCfg = Debug|Any CPU
		{C3DEC463-E691-49B1-90F6-C7AD16C7A745}.Debug|Any CPU.Build.0 = Debug|Any CPU
		{C3DEC463-E691-49B1-90F6-C7AD16C7A745}.Release|Any CPU.ActiveCfg = Release|Any CPU
		{C3DEC463-E691-49B1-90F6-C7AD16C7A745}.Release|Any CPU.Build.0 = Release|Any CPU
		{3FA4463A-42C0-4503-BA59-418A139820B1}.Debug|Any CPU.ActiveCfg = Debug|Any CPU
		{3FA4463A-42C0-4503-BA59-418A139820B1}.Debug|Any CPU.Build.0 = Debug|Any CPU
		{3FA4463A-42C0-4503-BA59-418A139820B1}.Release|Any CPU.ActiveCfg = Release|Any CPU
		{3FA4463A-42C0-4503-BA59-418A139820B1}.Release|Any CPU.Build.0 = Release|Any CPU
		{458C096E-8118-4640-84DA-D89135A45E20}.Debug|Any CPU.ActiveCfg = Debug|Any CPU
		{458C096E-8118-4640-84DA-D89135A45E20}.Debug|Any CPU.Build.0 = Debug|Any CPU
		{458C096E-8118-4640-84DA-D89135A45E20}.Release|Any CPU.ActiveCfg = Release|Any CPU
		{458C096E-8118-4640-84DA-D89135A45E20}.Release|Any CPU.Build.0 = Release|Any CPU
	EndGlobalSection
EndGlobal
